
Microsoft Visual Studio Solution File, Format Version 12.00
# Visual Studio Version 16
VisualStudioVersion = 16.0.31702.278
MinimumVisualStudioVersion = 10.0.40219.1
Project("{FAE04EC0-301F-11D3-BF4B-00C04F79EFBC}") = "Lab22", "Lab22\Lab22.csproj", "{2766795B-54B5-4A80-AF2C-2CA8951EFC27}"
EndProject
Global
	GlobalSection(SolutionConfigurationPlatforms) = preSolution
		Debug|Any CPU = Debug|Any CPU
		Release|Any CPU = Release|Any CPU
	EndGlobalSection
	GlobalSection(ProjectConfigurationPlatforms) = postSolution
		{2766795B-54B5-4A80-AF2C-2CA8951EFC27}.Debug|Any CPU.ActiveCfg = Debug|Any CPU
		{2766795B-54B5-4A80-AF2C-2CA8951EFC27}.Debug|Any CPU.Build.0 = Debug|Any CPU
		{2766795B-54B5-4A80-AF2C-2CA8951EFC27}.Release|Any CPU.ActiveCfg = Release|Any CPU
		{2766795B-54B5-4A80-AF2C-2CA8951EFC27}.Release|Any CPU.Build.0 = Release|Any CPU
	EndGlobalSection
	GlobalSection(SolutionProperties) = preSolution
		HideSolutionNode = FALSE
	EndGlobalSection
	GlobalSection(ExtensibilityGlobals) = postSolution
		SolutionGuid = {84AA2FDA-924F-4069-A4C0-4C356A1CDF70}
	EndGlobalSection
EndGlobal
